
Microsoft Visual Studio Solution File, Format Version 12.00
Project("{FAE04EC0-301F-11D3-BF4B-00C04F79EFBC}") = "Singleton", "Creational\Singleton\Singleton.csproj", "{B404F080-A7BB-44DA-BAF8-857A56653C1C}"
EndProject
Project("{FAE04EC0-301F-11D3-BF4B-00C04F79EFBC}") = "FactoryMethod", "Creational\FactoryMethod\FactoryMethod.csproj", "{5BCF2B22-C46C-481C-A211-8033F445ABE5}"
EndProject
Project("{FAE04EC0-301F-11D3-BF4B-00C04F79EFBC}") = "AbstractFactory", "Creational\AbstractFactory\AbstractFactory.csproj", "{A9F21622-7907-413F-9391-CFFE3284A79D}"
EndProject
Project("{FAE04EC0-301F-11D3-BF4B-00C04F79EFBC}") = "Builder", "Creational\Builder\Builder.csproj", "{8C50BD0C-8B38-41CD-8606-D97DFBD4A3B6}"
EndProject
Project("{FAE04EC0-301F-11D3-BF4B-00C04F79EFBC}") = "Prototype", "Creational\Prototype\Prototype.csproj", "{7FA6CDA2-06AA-45D3-891B-9C0A9C9794CF}"
EndProject
Global
	GlobalSection(SolutionConfigurationPlatforms) = preSolution
		Debug|Any CPU = Debug|Any CPU
		Release|Any CPU = Release|Any CPU
	EndGlobalSection
	GlobalSection(ProjectConfigurationPlatforms) = postSolution
		{B404F080-A7BB-44DA-BAF8-857A56653C1C}.Debug|Any CPU.ActiveCfg = Debug|Any CPU
		{B404F080-A7BB-44DA-BAF8-857A56653C1C}.Debug|Any CPU.Build.0 = Debug|Any CPU
		{B404F080-A7BB-44DA-BAF8-857A56653C1C}.Release|Any CPU.ActiveCfg = Release|Any CPU
		{B404F080-A7BB-44DA-BAF8-857A56653C1C}.Release|Any CPU.Build.0 = Release|Any CPU
		{5BCF2B22-C46C-481C-A211-8033F445ABE5}.Debug|Any CPU.ActiveCfg = Debug|Any CPU
		{5BCF2B22-C46C-481C-A211-8033F445ABE5}.Debug|Any CPU.Build.0 = Debug|Any CPU
		{5BCF2B22-C46C-481C-A211-8033F445ABE5}.Release|Any CPU.ActiveCfg = Release|Any CPU
		{5BCF2B22-C46C-481C-A211-8033F445ABE5}.Release|Any CPU.Build.0 = Release|Any CPU
		{A9F21622-7907-413F-9391-CFFE3284A79D}.Debug|Any CPU.ActiveCfg = Debug|Any CPU
		{A9F21622-7907-413F-9391-CFFE3284A79D}.Debug|Any CPU.Build.0 = Debug|Any CPU
		{A9F21622-7907-413F-9391-CFFE3284A79D}.Release|Any CPU.ActiveCfg = Release|Any CPU
		{A9F21622-7907-413F-9391-CFFE3284A79D}.Release|Any CPU.Build.0 = Release|Any CPU
		{8C50BD0C-8B38-41CD-8606-D97DFBD4A3B6}.Debug|Any CPU.ActiveCfg = Debug|Any CPU
		{8C50BD0C-8B38-41CD-8606-D97DFBD4A3B6}.Debug|Any CPU.Build.0 = Debug|Any CPU
		{8C50BD0C-8B38-41CD-8606-D97DFBD4A3B6}.Release|Any CPU.ActiveCfg = Release|Any CPU
		{8C50BD0C-8B38-41CD-8606-D97DFBD4A3B6}.Release|Any CPU.Build.0 = Release|Any CPU
		{7FA6CDA2-06AA-45D3-891B-9C0A9C9794CF}.Debug|Any CPU.ActiveCfg = Debug|Any CPU
		{7FA6CDA2-06AA-45D3-891B-9C0A9C9794CF}.Debug|Any CPU.Build.0 = Debug|Any CPU
		{7FA6CDA2-06AA-45D3-891B-9C0A9C9794CF}.Release|Any CPU.ActiveCfg = Release|Any CPU
		{7FA6CDA2-06AA-45D3-891B-9C0A9C9794CF}.Release|Any CPU.Build.0 = Release|Any CPU
	EndGlobalSection
EndGlobal
