
Microsoft Visual Studio Solution File, Format Version 12.00
Project("{FAE04EC0-301F-11D3-BF4B-00C04F79EFBC}") = "Singleton", "Creational\Singleton\Singleton.csproj", "{B404F080-A7BB-44DA-BAF8-857A56653C1C}"
EndProject
Project("{FAE04EC0-301F-11D3-BF4B-00C04F79EFBC}") = "FactoryMethod", "Creational\FactoryMethod\FactoryMethod.csproj", "{5BCF2B22-C46C-481C-A211-8033F445ABE5}"
EndProject
Project("{FAE04EC0-301F-11D3-BF4B-00C04F79EFBC}") = "AbstractFactory", "Creational\AbstractFactory\AbstractFactory.csproj", "{A9F21622-7907-413F-9391-CFFE3284A79D}"
EndProject
Project("{FAE04EC0-301F-11D3-BF4B-00C04F79EFBC}") = "Builder", "Creational\Builder\Builder.csproj", "{8C50BD0C-8B38-41CD-8606-D97DFBD4A3B6}"
EndProject
Project("{FAE04EC0-301F-11D3-BF4B-00C04F79EFBC}") = "Prototype", "Creational\Prototype\Prototype.csproj", "{7FA6CDA2-06AA-45D3-891B-9C0A9C9794CF}"
EndProject
Project("{2150E333-8FDC-42A3-9474-1A3956D46DE8}") = "Creational", "Creational", "{1FEB2FA4-4CA4-42CE-9D4D-43353F75308C}"
EndProject
Project("{2150E333-8FDC-42A3-9474-1A3956D46DE8}") = "Structural", "Structural", "{04BFA59B-5C22-4CDD-ABA5-367FCBF11685}"
EndProject
Project("{FAE04EC0-301F-11D3-BF4B-00C04F79EFBC}") = "Adapter", "Structural\Adapter\Adapter.csproj", "{CF65AC80-C113-4D16-B172-BF407FD43D14}"
EndProject
Project("{FAE04EC0-301F-11D3-BF4B-00C04F79EFBC}") = "Bridge", "Structural\Bridge\Bridge.csproj", "{A6B73FD9-BE77-40DF-BBAA-41C35CD2E52A}"
EndProject
Project("{FAE04EC0-301F-11D3-BF4B-00C04F79EFBC}") = "Facade", "Structural\Facade\Facade.csproj", "{4635ED6E-303F-4AB9-867D-091CAE1E997D}"
EndProject
Global
	GlobalSection(SolutionConfigurationPlatforms) = preSolution
		Debug|Any CPU = Debug|Any CPU
		Release|Any CPU = Release|Any CPU
	EndGlobalSection
	GlobalSection(ProjectConfigurationPlatforms) = postSolution
		{B404F080-A7BB-44DA-BAF8-857A56653C1C}.Debug|Any CPU.ActiveCfg = Debug|Any CPU
		{B404F080-A7BB-44DA-BAF8-857A56653C1C}.Debug|Any CPU.Build.0 = Debug|Any CPU
		{B404F080-A7BB-44DA-BAF8-857A56653C1C}.Release|Any CPU.ActiveCfg = Release|Any CPU
		{B404F080-A7BB-44DA-BAF8-857A56653C1C}.Release|Any CPU.Build.0 = Release|Any CPU
		{5BCF2B22-C46C-481C-A211-8033F445ABE5}.Debug|Any CPU.ActiveCfg = Debug|Any CPU
		{5BCF2B22-C46C-481C-A211-8033F445ABE5}.Debug|Any CPU.Build.0 = Debug|Any CPU
		{5BCF2B22-C46C-481C-A211-8033F445ABE5}.Release|Any CPU.ActiveCfg = Release|Any CPU
		{5BCF2B22-C46C-481C-A211-8033F445ABE5}.Release|Any CPU.Build.0 = Release|Any CPU
		{A9F21622-7907-413F-9391-CFFE3284A79D}.Debug|Any CPU.ActiveCfg = Debug|Any CPU
		{A9F21622-7907-413F-9391-CFFE3284A79D}.Debug|Any CPU.Build.0 = Debug|Any CPU
		{A9F21622-7907-413F-9391-CFFE3284A79D}.Release|Any CPU.ActiveCfg = Release|Any CPU
		{A9F21622-7907-413F-9391-CFFE3284A79D}.Release|Any CPU.Build.0 = Release|Any CPU
		{8C50BD0C-8B38-41CD-8606-D97DFBD4A3B6}.Debug|Any CPU.ActiveCfg = Debug|Any CPU
		{8C50BD0C-8B38-41CD-8606-D97DFBD4A3B6}.Debug|Any CPU.Build.0 = Debug|Any CPU
		{8C50BD0C-8B38-41CD-8606-D97DFBD4A3B6}.Release|Any CPU.ActiveCfg = Release|Any CPU
		{8C50BD0C-8B38-41CD-8606-D97DFBD4A3B6}.Release|Any CPU.Build.0 = Release|Any CPU
		{7FA6CDA2-06AA-45D3-891B-9C0A9C9794CF}.Debug|Any CPU.ActiveCfg = Debug|Any CPU
		{7FA6CDA2-06AA-45D3-891B-9C0A9C9794CF}.Debug|Any CPU.Build.0 = Debug|Any CPU
		{7FA6CDA2-06AA-45D3-891B-9C0A9C9794CF}.Release|Any CPU.ActiveCfg = Release|Any CPU
		{7FA6CDA2-06AA-45D3-891B-9C0A9C9794CF}.Release|Any CPU.Build.0 = Release|Any CPU
		{CF65AC80-C113-4D16-B172-BF407FD43D14}.Debug|Any CPU.ActiveCfg = Debug|Any CPU
		{CF65AC80-C113-4D16-B172-BF407FD43D14}.Debug|Any CPU.Build.0 = Debug|Any CPU
		{CF65AC80-C113-4D16-B172-BF407FD43D14}.Release|Any CPU.ActiveCfg = Release|Any CPU
		{CF65AC80-C113-4D16-B172-BF407FD43D14}.Release|Any CPU.Build.0 = Release|Any CPU
		{A6B73FD9-BE77-40DF-BBAA-41C35CD2E52A}.Debug|Any CPU.ActiveCfg = Debug|Any CPU
		{A6B73FD9-BE77-40DF-BBAA-41C35CD2E52A}.Debug|Any CPU.Build.0 = Debug|Any CPU
		{A6B73FD9-BE77-40DF-BBAA-41C35CD2E52A}.Release|Any CPU.ActiveCfg = Release|Any CPU
		{A6B73FD9-BE77-40DF-BBAA-41C35CD2E52A}.Release|Any CPU.Build.0 = Release|Any CPU
		{4635ED6E-303F-4AB9-867D-091CAE1E997D}.Debug|Any CPU.ActiveCfg = Debug|Any CPU
		{4635ED6E-303F-4AB9-867D-091CAE1E997D}.Debug|Any CPU.Build.0 = Debug|Any CPU
		{4635ED6E-303F-4AB9-867D-091CAE1E997D}.Release|Any CPU.ActiveCfg = Release|Any CPU
		{4635ED6E-303F-4AB9-867D-091CAE1E997D}.Release|Any CPU.Build.0 = Release|Any CPU
	EndGlobalSection
	GlobalSection(NestedProjects) = preSolution
		{A9F21622-7907-413F-9391-CFFE3284A79D} = {1FEB2FA4-4CA4-42CE-9D4D-43353F75308C}
		{8C50BD0C-8B38-41CD-8606-D97DFBD4A3B6} = {1FEB2FA4-4CA4-42CE-9D4D-43353F75308C}
		{5BCF2B22-C46C-481C-A211-8033F445ABE5} = {1FEB2FA4-4CA4-42CE-9D4D-43353F75308C}
		{7FA6CDA2-06AA-45D3-891B-9C0A9C9794CF} = {1FEB2FA4-4CA4-42CE-9D4D-43353F75308C}
		{B404F080-A7BB-44DA-BAF8-857A56653C1C} = {1FEB2FA4-4CA4-42CE-9D4D-43353F75308C}
		{CF65AC80-C113-4D16-B172-BF407FD43D14} = {04BFA59B-5C22-4CDD-ABA5-367FCBF11685}
		{A6B73FD9-BE77-40DF-BBAA-41C35CD2E52A} = {04BFA59B-5C22-4CDD-ABA5-367FCBF11685}
		{4635ED6E-303F-4AB9-867D-091CAE1E997D} = {04BFA59B-5C22-4CDD-ABA5-367FCBF11685}
	EndGlobalSection
EndGlobal
